
Microsoft Visual Studio Solution File, Format Version 11.00
# Visual Studio 2010
Project("{FAE04EC0-301F-11D3-BF4B-00C04F79EFBC}") = "DeclareVariables", "DeclareVariables\DeclareVariables.csproj", "{BD639C6B-0216-4292-92D6-2819914D6EFD}"
EndProject
Project("{FAE04EC0-301F-11D3-BF4B-00C04F79EFBC}") = "FloatingPointVariables", "FloatingPointVariables\FloatingPointVariables.csproj", "{BBB9372F-5EFB-4D21-93E6-1A5BFCE3E5BB}"
EndProject
Project("{FAE04EC0-301F-11D3-BF4B-00C04F79EFBC}") = "CompareFloatingPointNumbers", "CompareFloatingPointNumbers\CompareFloatingPointNumbers.csproj", "{6191CC5A-7FED-4AF6-8049-C5A894E20CCF}"
EndProject
Project("{FAE04EC0-301F-11D3-BF4B-00C04F79EFBC}") = "AssignIntegerWithHexValue", "AssignIntegerWithHexValue\AssignIntegerWithHexValue.csproj", "{99DE4195-7E7D-46F1-A37A-2D503AB7437A}"
EndProject
Project("{FAE04EC0-301F-11D3-BF4B-00C04F79EFBC}") = "UnicodeCharacter", "UnicodeCharacter\UnicodeCharacter.csproj", "{7A6842C8-C823-490E-9BB1-8B68FF2FAEDF}"
EndProject
Project("{FAE04EC0-301F-11D3-BF4B-00C04F79EFBC}") = "AssignGender", "AssignGender\AssignGender.csproj", "{CC4F7E0D-9FBD-4FFB-9EB0-1299DFF5FEDF}"
EndProject
Project("{FAE04EC0-301F-11D3-BF4B-00C04F79EFBC}") = "UseObjectVariable", "UseObjectVariable\UseObjectVariable.csproj", "{99498673-F6BC-4D39-84EF-2B6AD6274D3C}"
EndProject
Project("{FAE04EC0-301F-11D3-BF4B-00C04F79EFBC}") = "QuotedString", "QuotedString\QuotedString.csproj", "{86BCE602-899C-4D3B-AB39-D6D8DD276138}"
EndProject
Project("{FAE04EC0-301F-11D3-BF4B-00C04F79EFBC}") = "CopyrightTriangle", "CopyrightTriangle\CopyrightTriangle.csproj", "{D5DBDC5A-C9F4-42D1-A5D5-26A9FC17C8C8}"
EndProject
Project("{FAE04EC0-301F-11D3-BF4B-00C04F79EFBC}") = "SwapTwoNumbers", "SwapTwoNumbers\SwapTwoNumbers.csproj", "{0669E3D0-F9E5-4198-838E-87415AE7C97C}"
EndProject
Project("{FAE04EC0-301F-11D3-BF4B-00C04F79EFBC}") = "PrintASCIITable", "PrintASCIITable\PrintASCIITable.csproj", "{BE9B98EF-CC9B-4FA7-B356-C4B011C9E05D}"
EndProject
Project("{FAE04EC0-301F-11D3-BF4B-00C04F79EFBC}") = "MarketingFirm", "MarketingFirm\MarketingFirm.csproj", "{B17BE4AF-43C8-492A-A28F-6F6AAD8FEFC4}"
EndProject
Project("{FAE04EC0-301F-11D3-BF4B-00C04F79EFBC}") = "NullVariable", "NullVariable\NullVariable.csproj", "{BE1649FD-B9D1-43C9-8B15-DCCCE38D600E}"
EndProject
Project("{FAE04EC0-301F-11D3-BF4B-00C04F79EFBC}") = "BankAccount", "BankAccount\BankAccount.csproj", "{FD8119F9-EF67-4B5B-AC55-16F209242E7F}"
EndProject
Global
	GlobalSection(SolutionConfigurationPlatforms) = preSolution
		Debug|x86 = Debug|x86
		Release|x86 = Release|x86
	EndGlobalSection
	GlobalSection(ProjectConfigurationPlatforms) = postSolution
		{BD639C6B-0216-4292-92D6-2819914D6EFD}.Debug|x86.ActiveCfg = Debug|x86
		{BD639C6B-0216-4292-92D6-2819914D6EFD}.Debug|x86.Build.0 = Debug|x86
		{BD639C6B-0216-4292-92D6-2819914D6EFD}.Release|x86.ActiveCfg = Release|x86
		{BD639C6B-0216-4292-92D6-2819914D6EFD}.Release|x86.Build.0 = Release|x86
		{BBB9372F-5EFB-4D21-93E6-1A5BFCE3E5BB}.Debug|x86.ActiveCfg = Debug|x86
		{BBB9372F-5EFB-4D21-93E6-1A5BFCE3E5BB}.Debug|x86.Build.0 = Debug|x86
		{BBB9372F-5EFB-4D21-93E6-1A5BFCE3E5BB}.Release|x86.ActiveCfg = Release|x86
		{BBB9372F-5EFB-4D21-93E6-1A5BFCE3E5BB}.Release|x86.Build.0 = Release|x86
		{6191CC5A-7FED-4AF6-8049-C5A894E20CCF}.Debug|x86.ActiveCfg = Debug|x86
		{6191CC5A-7FED-4AF6-8049-C5A894E20CCF}.Debug|x86.Build.0 = Debug|x86
		{6191CC5A-7FED-4AF6-8049-C5A894E20CCF}.Release|x86.ActiveCfg = Release|x86
		{6191CC5A-7FED-4AF6-8049-C5A894E20CCF}.Release|x86.Build.0 = Release|x86
		{99DE4195-7E7D-46F1-A37A-2D503AB7437A}.Debug|x86.ActiveCfg = Debug|x86
		{99DE4195-7E7D-46F1-A37A-2D503AB7437A}.Debug|x86.Build.0 = Debug|x86
		{99DE4195-7E7D-46F1-A37A-2D503AB7437A}.Release|x86.ActiveCfg = Release|x86
		{99DE4195-7E7D-46F1-A37A-2D503AB7437A}.Release|x86.Build.0 = Release|x86
		{7A6842C8-C823-490E-9BB1-8B68FF2FAEDF}.Debug|x86.ActiveCfg = Debug|x86
		{7A6842C8-C823-490E-9BB1-8B68FF2FAEDF}.Debug|x86.Build.0 = Debug|x86
		{7A6842C8-C823-490E-9BB1-8B68FF2FAEDF}.Release|x86.ActiveCfg = Release|x86
		{7A6842C8-C823-490E-9BB1-8B68FF2FAEDF}.Release|x86.Build.0 = Release|x86
		{CC4F7E0D-9FBD-4FFB-9EB0-1299DFF5FEDF}.Debug|x86.ActiveCfg = Debug|x86
		{CC4F7E0D-9FBD-4FFB-9EB0-1299DFF5FEDF}.Debug|x86.Build.0 = Debug|x86
		{CC4F7E0D-9FBD-4FFB-9EB0-1299DFF5FEDF}.Release|x86.ActiveCfg = Release|x86
		{CC4F7E0D-9FBD-4FFB-9EB0-1299DFF5FEDF}.Release|x86.Build.0 = Release|x86
		{99498673-F6BC-4D39-84EF-2B6AD6274D3C}.Debug|x86.ActiveCfg = Debug|x86
		{99498673-F6BC-4D39-84EF-2B6AD6274D3C}.Debug|x86.Build.0 = Debug|x86
		{99498673-F6BC-4D39-84EF-2B6AD6274D3C}.Release|x86.ActiveCfg = Release|x86
		{99498673-F6BC-4D39-84EF-2B6AD6274D3C}.Release|x86.Build.0 = Release|x86
		{86BCE602-899C-4D3B-AB39-D6D8DD276138}.Debug|x86.ActiveCfg = Debug|x86
		{86BCE602-899C-4D3B-AB39-D6D8DD276138}.Debug|x86.Build.0 = Debug|x86
		{86BCE602-899C-4D3B-AB39-D6D8DD276138}.Release|x86.ActiveCfg = Release|x86
		{86BCE602-899C-4D3B-AB39-D6D8DD276138}.Release|x86.Build.0 = Release|x86
		{D5DBDC5A-C9F4-42D1-A5D5-26A9FC17C8C8}.Debug|x86.ActiveCfg = Debug|x86
		{D5DBDC5A-C9F4-42D1-A5D5-26A9FC17C8C8}.Debug|x86.Build.0 = Debug|x86
		{D5DBDC5A-C9F4-42D1-A5D5-26A9FC17C8C8}.Release|x86.ActiveCfg = Release|x86
		{D5DBDC5A-C9F4-42D1-A5D5-26A9FC17C8C8}.Release|x86.Build.0 = Release|x86
		{0669E3D0-F9E5-4198-838E-87415AE7C97C}.Debug|x86.ActiveCfg = Debug|x86
		{0669E3D0-F9E5-4198-838E-87415AE7C97C}.Debug|x86.Build.0 = Debug|x86
		{0669E3D0-F9E5-4198-838E-87415AE7C97C}.Release|x86.ActiveCfg = Release|x86
		{0669E3D0-F9E5-4198-838E-87415AE7C97C}.Release|x86.Build.0 = Release|x86
		{BE9B98EF-CC9B-4FA7-B356-C4B011C9E05D}.Debug|x86.ActiveCfg = Debug|x86
		{BE9B98EF-CC9B-4FA7-B356-C4B011C9E05D}.Debug|x86.Build.0 = Debug|x86
		{BE9B98EF-CC9B-4FA7-B356-C4B011C9E05D}.Release|x86.ActiveCfg = Release|x86
		{BE9B98EF-CC9B-4FA7-B356-C4B011C9E05D}.Release|x86.Build.0 = Release|x86
		{B17BE4AF-43C8-492A-A28F-6F6AAD8FEFC4}.Debug|x86.ActiveCfg = Debug|x86
		{B17BE4AF-43C8-492A-A28F-6F6AAD8FEFC4}.Debug|x86.Build.0 = Debug|x86
		{B17BE4AF-43C8-492A-A28F-6F6AAD8FEFC4}.Release|x86.ActiveCfg = Release|x86
		{B17BE4AF-43C8-492A-A28F-6F6AAD8FEFC4}.Release|x86.Build.0 = Release|x86
		{BE1649FD-B9D1-43C9-8B15-DCCCE38D600E}.Debug|x86.ActiveCfg = Debug|x86
		{BE1649FD-B9D1-43C9-8B15-DCCCE38D600E}.Debug|x86.Build.0 = Debug|x86
		{BE1649FD-B9D1-43C9-8B15-DCCCE38D600E}.Release|x86.ActiveCfg = Release|x86
		{BE1649FD-B9D1-43C9-8B15-DCCCE38D600E}.Release|x86.Build.0 = Release|x86
		{FD8119F9-EF67-4B5B-AC55-16F209242E7F}.Debug|x86.ActiveCfg = Debug|x86
		{FD8119F9-EF67-4B5B-AC55-16F209242E7F}.Debug|x86.Build.0 = Debug|x86
		{FD8119F9-EF67-4B5B-AC55-16F209242E7F}.Release|x86.ActiveCfg = Release|x86
		{FD8119F9-EF67-4B5B-AC55-16F209242E7F}.Release|x86.Build.0 = Release|x86
	EndGlobalSection
	GlobalSection(SolutionProperties) = preSolution
		HideSolutionNode = FALSE
	EndGlobalSection
EndGlobal
